
Microsoft Visual Studio Solution File, Format Version 12.00
# Visual Studio 2013
VisualStudioVersion = 12.0.31101.0
MinimumVisualStudioVersion = 10.0.40219.1
Project("{FAE04EC0-301F-11D3-BF4B-00C04F79EFBC}") = "Mvc.Placeholders", "Mvc.Placeholders\Mvc.Placeholders.csproj", "{17196B9B-3CB2-46E6-9DFF-8E93070BF377}"
EndProject
Project("{FAE04EC0-301F-11D3-BF4B-00C04F79EFBC}") = "Mvc.Placeholders.Tests", "Mvc.Placeholders.Tests\Mvc.Placeholders.Tests.csproj", "{EA8A3485-1335-4039-B146-EECE7A370ED7}"
EndProject
Project("{2150E333-8FDC-42A3-9474-1A3956D46DE8}") = ".nuget", ".nuget", "{A402E38C-2803-477F-A64A-C3908F4FEC85}"
	ProjectSection(SolutionItems) = preProject
		.nuget\NuGet.Config = .nuget\NuGet.Config
		.nuget\NuGet.exe = .nuget\NuGet.exe
		.nuget\NuGet.targets = .nuget\NuGet.targets
	EndProjectSection
EndProject
Project("{2150E333-8FDC-42A3-9474-1A3956D46DE8}") = "Solution Items", "Solution Items", "{70CAC06C-1D6F-4992-891F-AEFA2E43E411}"
	ProjectSection(SolutionItems) = preProject
		README.md = README.md
	EndProjectSection
EndProject
Global
	GlobalSection(SolutionConfigurationPlatforms) = preSolution
		Debug|Any CPU = Debug|Any CPU
		Release|Any CPU = Release|Any CPU
	EndGlobalSection
	GlobalSection(ProjectConfigurationPlatforms) = postSolution
		{17196B9B-3CB2-46E6-9DFF-8E93070BF377}.Debug|Any CPU.ActiveCfg = Debug|Any CPU
		{17196B9B-3CB2-46E6-9DFF-8E93070BF377}.Debug|Any CPU.Build.0 = Debug|Any CPU
		{17196B9B-3CB2-46E6-9DFF-8E93070BF377}.Release|Any CPU.ActiveCfg = Release|Any CPU
		{17196B9B-3CB2-46E6-9DFF-8E93070BF377}.Release|Any CPU.Build.0 = Release|Any CPU
		{EA8A3485-1335-4039-B146-EECE7A370ED7}.Debug|Any CPU.ActiveCfg = Debug|Any CPU
		{EA8A3485-1335-4039-B146-EECE7A370ED7}.Debug|Any CPU.Build.0 = Debug|Any CPU
		{EA8A3485-1335-4039-B146-EECE7A370ED7}.Release|Any CPU.ActiveCfg = Release|Any CPU
		{EA8A3485-1335-4039-B146-EECE7A370ED7}.Release|Any CPU.Build.0 = Release|Any CPU
	EndGlobalSection
	GlobalSection(SolutionProperties) = preSolution
		HideSolutionNode = FALSE
	EndGlobalSection
EndGlobal
